{
  "name": "proyecto-abp-interdisciplinario",
  "version": "0.1.0",
  "lockfileVersion": 3,
  "requires": true,
  "packages": {
    "": {
      "name": "proyecto-abp-interdisciplinario",
      "version": "0.1.0",
      "dependencies": {
        "@vitejs/plugin-react": "latest",
        "docx": "latest",
        "file-saver": "latest",
        "react": "latest",
        "react-dom": "latest",
        "vite": "latest"
      }
    }
  }
}
